PODS:
  - TABSwiftLayout (3.0.1)

DEPENDENCIES:
  - TABSwiftLayout (from `https://github.com/telegraph/TABSwiftLayout`)

EXTERNAL SOURCES:
  TABSwiftLayout:
    :git: https://github.com/telegraph/TABSwiftLayout

CHECKOUT OPTIONS:
  TABSwiftLayout:
    :commit: 8b66e7094744717c61ad1d5cd52010d2d561197e
    :git: https://github.com/telegraph/TABSwiftLayout

SPEC CHECKSUMS:
  TABSwiftLayout: b3460f81a0f5b46602fe382626fed90a3e442f3a

PODFILE CHECKSUM: 6ed563b5d457db66276afcf1003a7c002a608532

COCOAPODS: 1.7.1
