PODS:
  - TABSwiftLayout (3.0.1)

DEPENDENCIES:
  - TABSwiftLayout (from `https://github.com/telegraph/TABSwiftLayout`)

EXTERNAL SOURCES:
  TABSwiftLayout:
    :git: https://github.com/telegraph/TABSwiftLayout

CHECKOUT OPTIONS:
  TABSwiftLayout:
    :commit: 8b66e7094744717c61ad1d5cd52010d2d561197e
    :git: https://github.com/telegraph/TABSwiftLayout

SPEC CHECKSUMS:
  TABSwiftLayout: b3460f81a0f5b46602fe382626fed90a3e442f3a

PODFILE CHECKSUM: cd46fcbd0d676e68f6a24dc62f31f92832e17ecf

COCOAPODS: 1.5.3
